
Microsoft Visual Studio Solution File, Format Version 12.00
# Visual Studio Version 16
VisualStudioVersion = 16.0.30523.141
MinimumVisualStudioVersion = 10.0.40219.1
Project("{9A19103F-16F7-4668-BE54-9A1E7A4F7556}") = "CareerCloud.Pocos", "CareerCloud.Poco\CareerCloud.Pocos.csproj", "{71FD50D8-B3A2-4600-8C4F-8CC5045B8D5F}"
EndProject
Project("{9A19103F-16F7-4668-BE54-9A1E7A4F7556}") = "CareerCloud.DataAccessLayer", "CareerCloud.DataAccessLayer\CareerCloud.DataAccessLayer.csproj", "{9B2D01DD-89D0-4ACB-BE25-17F04A30BB1F}"
EndProject
Project("{9A19103F-16F7-4668-BE54-9A1E7A4F7556}") = "CareerCloud.ADODataAccessLayer", "CareerCloud.ADODataAccessLayer\CareerCloud.ADODataAccessLayer.csproj", "{7A77B9A6-4C7D-47FF-840B-FEB5D8ACCE65}"
EndProject
Project("{9A19103F-16F7-4668-BE54-9A1E7A4F7556}") = "CareerCloud.BusinessLogicLayer", "CareerCloud.BusinessLogicLayer\CareerCloud.BusinessLogicLayer.csproj", "{E256322D-51BC-4EA3-9794-4D51EFFBC0B7}"
EndProject
Project("{9A19103F-16F7-4668-BE54-9A1E7A4F7556}") = "CustomConfiguration", "CustomConfiguration\CustomConfiguration\CustomConfiguration.csproj", "{4D76DFC5-1323-481D-9F83-AB319234BD08}"
EndProject
Project("{9A19103F-16F7-4668-BE54-9A1E7A4F7556}") = "ConfigurationAssistant", "CustomConfiguration\ConfigurationAssistant\ConfigurationAssistant.csproj", "{1B8F0E34-F0D9-4856-92A9-0FC6F7880491}"
EndProject
Project("{9A19103F-16F7-4668-BE54-9A1E7A4F7556}") = "CareerCloud.EntityFrameworkDataAccess", "CareerCloud.EntityFrameworkDataAccess\CareerCloud.EntityFrameworkDataAccess.csproj", "{90CFBEEA-D990-4C6D-B409-EBF3C94F4775}"
EndProject
Project("{9A19103F-16F7-4668-BE54-9A1E7A4F7556}") = "CareerCloud.WebAPI", "CareerCloud.WebAPI\CareerCloud.WebAPI.csproj", "{84BA98FC-8A1E-403F-8B7E-6ACA91091D4C}"
EndProject
Project("{9A19103F-16F7-4668-BE54-9A1E7A4F7556}") = "CareerCloudCore.UnitTests.Assignment5", "CareerCloudCore.UnitTests.Assignment5\CareerCloudCore.UnitTests.Assignment5.csproj", "{24D4E72D-CB54-4000-9FBC-F5913B95FCC4}"
EndProject
Global
	GlobalSection(SolutionConfigurationPlatforms) = preSolution
		Debug|Any CPU = Debug|Any CPU
		Release|Any CPU = Release|Any CPU
	EndGlobalSection
	GlobalSection(ProjectConfigurationPlatforms) = postSolution
		{71FD50D8-B3A2-4600-8C4F-8CC5045B8D5F}.Debug|Any CPU.ActiveCfg = Debug|Any CPU
		{71FD50D8-B3A2-4600-8C4F-8CC5045B8D5F}.Debug|Any CPU.Build.0 = Debug|Any CPU
		{71FD50D8-B3A2-4600-8C4F-8CC5045B8D5F}.Release|Any CPU.ActiveCfg = Release|Any CPU
		{71FD50D8-B3A2-4600-8C4F-8CC5045B8D5F}.Release|Any CPU.Build.0 = Release|Any CPU
		{9B2D01DD-89D0-4ACB-BE25-17F04A30BB1F}.Debug|Any CPU.ActiveCfg = Debug|Any CPU
		{9B2D01DD-89D0-4ACB-BE25-17F04A30BB1F}.Debug|Any CPU.Build.0 = Debug|Any CPU
		{9B2D01DD-89D0-4ACB-BE25-17F04A30BB1F}.Release|Any CPU.ActiveCfg = Release|Any CPU
		{9B2D01DD-89D0-4ACB-BE25-17F04A30BB1F}.Release|Any CPU.Build.0 = Release|Any CPU
		{7A77B9A6-4C7D-47FF-840B-FEB5D8ACCE65}.Debug|Any CPU.ActiveCfg = Debug|Any CPU
		{7A77B9A6-4C7D-47FF-840B-FEB5D8ACCE65}.Debug|Any CPU.Build.0 = Debug|Any CPU
		{7A77B9A6-4C7D-47FF-840B-FEB5D8ACCE65}.Release|Any CPU.ActiveCfg = Release|Any CPU
		{7A77B9A6-4C7D-47FF-840B-FEB5D8ACCE65}.Release|Any CPU.Build.0 = Release|Any CPU
		{E256322D-51BC-4EA3-9794-4D51EFFBC0B7}.Debug|Any CPU.ActiveCfg = Debug|Any CPU
		{E256322D-51BC-4EA3-9794-4D51EFFBC0B7}.Debug|Any CPU.Build.0 = Debug|Any CPU
		{E256322D-51BC-4EA3-9794-4D51EFFBC0B7}.Release|Any CPU.ActiveCfg = Release|Any CPU
		{E256322D-51BC-4EA3-9794-4D51EFFBC0B7}.Release|Any CPU.Build.0 = Release|Any CPU
		{4D76DFC5-1323-481D-9F83-AB319234BD08}.Debug|Any CPU.ActiveCfg = Debug|Any CPU
		{4D76DFC5-1323-481D-9F83-AB319234BD08}.Debug|Any CPU.Build.0 = Debug|Any CPU
		{4D76DFC5-1323-481D-9F83-AB319234BD08}.Release|Any CPU.ActiveCfg = Release|Any CPU
		{4D76DFC5-1323-481D-9F83-AB319234BD08}.Release|Any CPU.Build.0 = Release|Any CPU
		{1B8F0E34-F0D9-4856-92A9-0FC6F7880491}.Debug|Any CPU.ActiveCfg = Debug|Any CPU
		{1B8F0E34-F0D9-4856-92A9-0FC6F7880491}.Debug|Any CPU.Build.0 = Debug|Any CPU
		{1B8F0E34-F0D9-4856-92A9-0FC6F7880491}.Release|Any CPU.ActiveCfg = Release|Any CPU
		{1B8F0E34-F0D9-4856-92A9-0FC6F7880491}.Release|Any CPU.Build.0 = Release|Any CPU
		{90CFBEEA-D990-4C6D-B409-EBF3C94F4775}.Debug|Any CPU.ActiveCfg = Debug|Any CPU
		{90CFBEEA-D990-4C6D-B409-EBF3C94F4775}.Debug|Any CPU.Build.0 = Debug|Any CPU
		{90CFBEEA-D990-4C6D-B409-EBF3C94F4775}.Release|Any CPU.ActiveCfg = Release|Any CPU
		{90CFBEEA-D990-4C6D-B409-EBF3C94F4775}.Release|Any CPU.Build.0 = Release|Any CPU
		{84BA98FC-8A1E-403F-8B7E-6ACA91091D4C}.Debug|Any CPU.ActiveCfg = Debug|Any CPU
		{84BA98FC-8A1E-403F-8B7E-6ACA91091D4C}.Debug|Any CPU.Build.0 = Debug|Any CPU
		{84BA98FC-8A1E-403F-8B7E-6ACA91091D4C}.Release|Any CPU.ActiveCfg = Release|Any CPU
		{84BA98FC-8A1E-403F-8B7E-6ACA91091D4C}.Release|Any CPU.Build.0 = Release|Any CPU
		{24D4E72D-CB54-4000-9FBC-F5913B95FCC4}.Debug|Any CPU.ActiveCfg = Debug|Any CPU
		{24D4E72D-CB54-4000-9FBC-F5913B95FCC4}.Debug|Any CPU.Build.0 = Debug|Any CPU
		{24D4E72D-CB54-4000-9FBC-F5913B95FCC4}.Release|Any CPU.ActiveCfg = Release|Any CPU
		{24D4E72D-CB54-4000-9FBC-F5913B95FCC4}.Release|Any CPU.Build.0 = Release|Any CPU
	EndGlobalSection
	GlobalSection(SolutionProperties) = preSolution
		HideSolutionNode = FALSE
	EndGlobalSection
	GlobalSection(ExtensibilityGlobals) = postSolution
		SolutionGuid = {3915B3A6-F665-4B02-A3EB-C9D042D341CF}
	EndGlobalSection
EndGlobal
